
Microsoft Visual Studio Solution File, Format Version 12.00
# Visual Studio 15
VisualStudioVersion = 15.0.28306.52
MinimumVisualStudioVersion = 10.0.40219.1
Project("{9A19103F-16F7-4668-BE54-9A1E7A4F7556}") = "DotNetCore.Tools.DotNetCoreInstaller", "DotNetCore.Tools.DotNetCoreInstaller\DotNetCore.Tools.DotNetCoreInstaller.csproj", "{6F740263-7A3F-4A4E-99D5-41BAC2B69285}"
EndProject
Project("{9A19103F-16F7-4668-BE54-9A1E7A4F7556}") = "DotNetCore.Tools.DotNetCoreInstallerTests", "DotNetCore.Tools.DotNetCoreInstallerTests\DotNetCore.Tools.DotNetCoreInstallerTests.csproj", "{23B55A58-3783-4FDE-AA5A-DC20FC8303C0}"
EndProject
Project("{FAE04EC0-301F-11D3-BF4B-00C04F79EFBC}") = "DotNetCore.Tools.DotNetCoreInstallerCli", "DotNetCore.Tools.DotNetCoreInstallerCli\DotNetCore.Tools.DotNetCoreInstallerCli.csproj", "{F1E1C6D1-CA0E-4E80-8167-3BEB38CF2CCC}"
EndProject
Global
	GlobalSection(SolutionConfigurationPlatforms) = preSolution
		Debug|Any CPU = Debug|Any CPU
		Release|Any CPU = Release|Any CPU
	EndGlobalSection
	GlobalSection(ProjectConfigurationPlatforms) = postSolution
		{6F740263-7A3F-4A4E-99D5-41BAC2B69285}.Debug|Any CPU.ActiveCfg = Debug|Any CPU
		{6F740263-7A3F-4A4E-99D5-41BAC2B69285}.Debug|Any CPU.Build.0 = Debug|Any CPU
		{6F740263-7A3F-4A4E-99D5-41BAC2B69285}.Release|Any CPU.ActiveCfg = Release|Any CPU
		{6F740263-7A3F-4A4E-99D5-41BAC2B69285}.Release|Any CPU.Build.0 = Release|Any CPU
		{23B55A58-3783-4FDE-AA5A-DC20FC8303C0}.Debug|Any CPU.ActiveCfg = Debug|Any CPU
		{23B55A58-3783-4FDE-AA5A-DC20FC8303C0}.Debug|Any CPU.Build.0 = Debug|Any CPU
		{23B55A58-3783-4FDE-AA5A-DC20FC8303C0}.Release|Any CPU.ActiveCfg = Release|Any CPU
		{23B55A58-3783-4FDE-AA5A-DC20FC8303C0}.Release|Any CPU.Build.0 = Release|Any CPU
		{F1E1C6D1-CA0E-4E80-8167-3BEB38CF2CCC}.Debug|Any CPU.ActiveCfg = Debug|Any CPU
		{F1E1C6D1-CA0E-4E80-8167-3BEB38CF2CCC}.Debug|Any CPU.Build.0 = Debug|Any CPU
		{F1E1C6D1-CA0E-4E80-8167-3BEB38CF2CCC}.Release|Any CPU.ActiveCfg = Release|Any CPU
		{F1E1C6D1-CA0E-4E80-8167-3BEB38CF2CCC}.Release|Any CPU.Build.0 = Release|Any CPU
	EndGlobalSection
	GlobalSection(SolutionProperties) = preSolution
		HideSolutionNode = FALSE
	EndGlobalSection
	GlobalSection(ExtensibilityGlobals) = postSolution
		SolutionGuid = {89ED2E0B-6040-428A-BF1B-1987684401A1}
	EndGlobalSection
EndGlobal
